
Microsoft Visual Studio Solution File, Format Version 12.00
# Visual Studio 15
VisualStudioVersion = 15.0.28010.2036
MinimumVisualStudioVersion = 10.0.40219.1
Project("{8BC9CEB8-8B4A-11D0-8D11-00A0C91BC942}") = "HW8", "HW8\HW8.vcxproj", "{B927C207-261C-4483-BAAB-74A3A74C2DF3}"
EndProject
Global
	GlobalSection(SolutionConfigurationPlatforms) = preSolution
		Debug|x64 = Debug|x64
		Debug|x86 = Debug|x86
		Release|x64 = Release|x64
		Release|x86 = Release|x86
	EndGlobalSection
	GlobalSection(ProjectConfigurationPlatforms) = postSolution
		{B927C207-261C-4483-BAAB-74A3A74C2DF3}.Debug|x64.ActiveCfg = Debug|x64
		{B927C207-261C-4483-BAAB-74A3A74C2DF3}.Debug|x64.Build.0 = Debug|x64
		{B927C207-261C-4483-BAAB-74A3A74C2DF3}.Debug|x86.ActiveCfg = Debug|Win32
		{B927C207-261C-4483-BAAB-74A3A74C2DF3}.Debug|x86.Build.0 = Debug|Win32
		{B927C207-261C-4483-BAAB-74A3A74C2DF3}.Release|x64.ActiveCfg = Release|x64
		{B927C207-261C-4483-BAAB-74A3A74C2DF3}.Release|x64.Build.0 = Release|x64
		{B927C207-261C-4483-BAAB-74A3A74C2DF3}.Release|x86.ActiveCfg = Release|Win32
		{B927C207-261C-4483-BAAB-74A3A74C2DF3}.Release|x86.Build.0 = Release|Win32
	EndGlobalSection
	GlobalSection(SolutionProperties) = preSolution
		HideSolutionNode = FALSE
	EndGlobalSection
	GlobalSection(ExtensibilityGlobals) = postSolution
		SolutionGuid = {D13386A6-1D6D-4DFC-8E13-F129692F7E39}
	EndGlobalSection
EndGlobal
