
Microsoft Visual Studio Solution File, Format Version 12.00
# Visual Studio 15
VisualStudioVersion = 15.0.28010.2036
MinimumVisualStudioVersion = 10.0.40219.1
Project("{8BC9CEB8-8B4A-11D0-8D11-00A0C91BC942}") = "HW4", "HW4\HW4.vcxproj", "{7C24751E-193E-489B-AC18-20C66ACAF0EC}"
EndProject
Global
	GlobalSection(SolutionConfigurationPlatforms) = preSolution
		Debug|x64 = Debug|x64
		Debug|x86 = Debug|x86
		Release|x64 = Release|x64
		Release|x86 = Release|x86
	EndGlobalSection
	GlobalSection(ProjectConfigurationPlatforms) = postSolution
		{7C24751E-193E-489B-AC18-20C66ACAF0EC}.Debug|x64.ActiveCfg = Debug|x64
		{7C24751E-193E-489B-AC18-20C66ACAF0EC}.Debug|x64.Build.0 = Debug|x64
		{7C24751E-193E-489B-AC18-20C66ACAF0EC}.Debug|x86.ActiveCfg = Debug|Win32
		{7C24751E-193E-489B-AC18-20C66ACAF0EC}.Debug|x86.Build.0 = Debug|Win32
		{7C24751E-193E-489B-AC18-20C66ACAF0EC}.Release|x64.ActiveCfg = Release|x64
		{7C24751E-193E-489B-AC18-20C66ACAF0EC}.Release|x64.Build.0 = Release|x64
		{7C24751E-193E-489B-AC18-20C66ACAF0EC}.Release|x86.ActiveCfg = Release|Win32
		{7C24751E-193E-489B-AC18-20C66ACAF0EC}.Release|x86.Build.0 = Release|Win32
	EndGlobalSection
	GlobalSection(SolutionProperties) = preSolution
		HideSolutionNode = FALSE
	EndGlobalSection
	GlobalSection(ExtensibilityGlobals) = postSolution
		SolutionGuid = {C36FD200-8CA5-4881-82A3-6403667AB46E}
	EndGlobalSection
EndGlobal
